// !$*UTF8*$!
{
	archiveVersion = 1;
	classes = {
	};
	objectVersion = 50;
	objects = {

/* Begin PBXBuildFile section */
		4C6DE3FE217F96FC008660B6 /* AppDelegate.swift in Sources */ = {isa = PBXBuildFile; fileRef = 4C6DE3FD217F96FC008660B6 /* AppDelegate.swift */; };
		4C6DE400217F96FC008660B6 /* ViewController.swift in Sources */ = {isa = PBXBuildFile; fileRef = 4C6DE3FF217F96FC008660B6 /* ViewController.swift */; };
		4C6DE403217F96FC008660B6 /* Main.storyboard in Resources */ = {isa = PBXBuildFile; fileRef = 4C6DE401217F96FC008660B6 /* Main.storyboard */; };
		4C6DE405217F96FF008660B6 /* Assets.xcassets in Resources */ = {isa = PBXBuildFile; fileRef = 4C6DE404217F96FF008660B6 /* Assets.xcassets */; };
		4C6DE408217F96FF008660B6 /* LaunchScreen.storyboard in Resources */ = {isa = PBXBuildFile; fileRef = 4C6DE406217F96FF008660B6 /* LaunchScreen.storyboard */; };
		4C6DE413217F9700008660B6 /* Dark_ModeTests.swift in Sources */ = {isa = PBXBuildFile; fileRef = 4C6DE412217F9700008660B6 /* Dark_ModeTests.swift */; };
		4C6DE41E217F9700008660B6 /* Dark_ModeUITests.swift in Sources */ = {isa = PBXBuildFile; fileRef = 4C6DE41D217F9700008660B6 /* Dark_ModeUITests.swift */; };
/* End PBXBuildFile section */

/* Begin PBXContainerItemProxy section */
		4C6DE40F217F9700008660B6 /* PBXContainerItemProxy */ = {
			isa = PBXContainerItemProxy;
			containerPortal = 4C6DE3F2217F96FC008660B6 /* Project object */;
			proxyType = 1;
			remoteGlobalIDString = 4C6DE3F9217F96FC008660B6;
			remoteInfo = "Dark Mode";
		};
		4C6DE41A217F9700008660B6 /* PBXContainerItemProxy */ = {
			isa = PBXContainerItemProxy;
			containerPortal = 4C6DE3F2217F96FC008660B6 /* Project object */;
			proxyType = 1;
			remoteGlobalIDString = 4C6DE3F9217F96FC008660B6;
			remoteInfo = "Dark Mode";
		};
/* End PBXContainerItemProxy section */

/* Begin PBXFileReference section */
		4C6DE3FA217F96FC008660B6 /* Dark Mode.app */ = {isa = PBXFileReference; explicitFileType = wrapper.application; includeInIndex = 0; path = "Dark Mode.app"; sourceTree = BUILT_PRODUCTS_DIR; };
		4C6DE3FD217F96FC008660B6 /* AppDelegate.swift */ = {isa = PBXFileReference; lastKnownFileType = sourcecode.swift; path = AppDelegate.swift; sourceTree = "<group>"; };
		4C6DE3FF217F96FC008660B6 /* ViewController.swift */ = {isa = PBXFileReference; lastKnownFileType = sourcecode.swift; path = ViewController.swift; sourceTree = "<group>"; };
		4C6DE402217F96FC008660B6 /* Base */ = {isa = PBXFileReference; lastKnownFileType = file.storyboard; name = Base; path = Base.lproj/Main.storyboard; sourceTree = "<group>"; };
		4C6DE404217F96FF008660B6 /* Assets.xcassets */ = {isa = PBXFileReference; lastKnownFileType = folder.assetcatalog; path = Assets.xcassets; sourceTree = "<group>"; };
		4C6DE407217F96FF008660B6 /* Base */ = {isa = PBXFileReference; lastKnownFileType = file.storyboard; name = Base; path = Base.lproj/LaunchScreen.storyboard; sourceTree = "<group>"; };
		4C6DE409217F96FF008660B6 /* Info.plist */ = {isa = PBXFileReference; lastKnownFileType = text.plist.xml; path = Info.plist; sourceTree = "<group>"; };
		4C6DE40E217F9700008660B6 /* Dark ModeTests.xctest */ = {isa = PBXFileReference; explicitFileType = wrapper.cfbundle; includeInIndex = 0; path = "Dark ModeTests.xctest"; sourceTree = BUILT_PRODUCTS_DIR; };
		4C6DE412217F9700008660B6 /* Dark_ModeTests.swift */ = {isa = PBXFileReference; lastKnownFileType = sourcecode.swift; path = Dark_ModeTests.swift; sourceTree = "<group>"; };
		4C6DE414217F9700008660B6 /* Info.plist */ = {isa = PBXFileReference; lastKnownFileType = text.plist.xml; path = Info.plist; sourceTree = "<group>"; };
		4C6DE419217F9700008660B6 /* Dark ModeUITests.xctest */ = {isa = PBXFileReference; explicitFileType = wrapper.cfbundle; includeInIndex = 0; path = "Dark ModeUITests.xctest"; sourceTree = BUILT_PRODUCTS_DIR; };
		4C6DE41D217F9700008660B6 /* Dark_ModeUITests.swift */ = {isa = PBXFileReference; lastKnownFileType = sourcecode.swift; path = Dark_ModeUITests.swift; sourceTree = "<group>"; };
		4C6DE41F217F9700008660B6 /* Info.plist */ = {isa = PBXFileReference; lastKnownFileType = text.plist.xml; path = Info.plist; sourceTree = "<group>"; };
/* End PBXFileReference section */

/* Begin PBXFrameworksBuildPhase section */
		4C6DE3F7217F96FC008660B6 /* Frameworks */ = {
			isa = PBXFrameworksBuildPhase;
			buildActionMask = 2147483647;
			files = (
			);
			runOnlyForDeploymentPostprocessing = 0;
		};
		4C6DE40B217F9700008660B6 /* Frameworks */ = {
			isa = PBXFrameworksBuildPhase;
			buildActionMask = 2147483647;
			files = (
			);
			runOnlyForDeploymentPostprocessing = 0;
		};
		4C6DE416217F9700008660B6 /* Frameworks */ = {
			isa = PBXFrameworksBuildPhase;
			buildActionMask = 2147483647;
			files = (
			);
			runOnlyForDeploymentPostprocessing = 0;
		};
/* End PBXFrameworksBuildPhase section */

/* Begin PBXGroup section */
		4C6DE3F1217F96FC008660B6 = {
			isa = PBXGroup;
			children = (
				4C6DE3FC217F96FC008660B6 /* Dark Mode */,
				4C6DE411217F9700008660B6 /* Dark ModeTests */,
				4C6DE41C217F9700008660B6 /* Dark ModeUITests */,
				4C6DE3FB217F96FC008660B6 /* Products */,
			);
			sourceTree = "<group>";
		};
		4C6DE3FB217F96FC008660B6 /* Products */ = {
			isa = PBXGroup;
			children = (
				4C6DE3FA217F96FC008660B6 /* Dark Mode.app */,
				4C6DE40E217F9700008660B6 /* Dark ModeTests.xctest */,
				4C6DE419217F9700008660B6 /* Dark ModeUITests.xctest */,
			);
			name = Products;
			sourceTree = "<group>";
		};
		4C6DE3FC217F96FC008660B6 /* Dark Mode */ = {
			isa = PBXGroup;
			children = (
				4C6DE3FD217F96FC008660B6 /* AppDelegate.swift */,
				4C6DE3FF217F96FC008660B6 /* ViewController.swift */,
				4C6DE401217F96FC008660B6 /* Main.storyboard */,
				4C6DE404217F96FF008660B6 /* Assets.xcassets */,
				4C6DE406217F96FF008660B6 /* LaunchScreen.storyboard */,
				4C6DE409217F96FF008660B6 /* Info.plist */,
			);
			path = "Dark Mode";
			sourceTree = "<group>";
		};
		4C6DE411217F9700008660B6 /* Dark ModeTests */ = {
			isa = PBXGroup;
			children = (
				4C6DE412217F9700008660B6 /* Dark_ModeTests.swift */,
				4C6DE414217F9700008660B6 /* Info.plist */,
			);
			path = "Dark ModeTests";
			sourceTree = "<group>";
		};
		4C6DE41C217F9700008660B6 /* Dark ModeUITests */ = {
			isa = PBXGroup;
			children = (
				4C6DE41D217F9700008660B6 /* Dark_ModeUITests.swift */,
				4C6DE41F217F9700008660B6 /* Info.plist */,
			);
			path = "Dark ModeUITests";
			sourceTree = "<group>";
		};
/* End PBXGroup section */

/* Begin PBXNativeTarget section */
		4C6DE3F9217F96FC008660B6 /* Dark Mode */ = {
			isa = PBXNativeTarget;
			buildConfigurationList = 4C6DE422217F9700008660B6 /* Build configuration list for PBXNativeTarget "Dark Mode" */;
			buildPhases = (
				4C6DE3F6217F96FC008660B6 /* Sources */,
				4C6DE3F7217F96FC008660B6 /* Frameworks */,
				4C6DE3F8217F96FC008660B6 /* Resources */,
			);
			buildRules = (
			);
			dependencies = (
			);
			name = "Dark Mode";
			productName = "Dark Mode";
			productReference = 4C6DE3FA217F96FC008660B6 /* Dark Mode.app */;
			productType = "com.apple.product-type.application";
		};
		4C6DE40D217F9700008660B6 /* Dark ModeTests */ = {
			isa = PBXNativeTarget;
			buildConfigurationList = 4C6DE425217F9700008660B6 /* Build configuration list for PBXNativeTarget "Dark ModeTests" */;
			buildPhases = (
				4C6DE40A217F9700008660B6 /* Sources */,
				4C6DE40B217F9700008660B6 /* Frameworks */,
				4C6DE40C217F9700008660B6 /* Resources */,
			);
			buildRules = (
			);
			dependencies = (
				4C6DE410217F9700008660B6 /* PBXTargetDependency */,
			);
			name = "Dark ModeTests";
			productName = "Dark ModeTests";
			productReference = 4C6DE40E217F9700008660B6 /* Dark ModeTests.xctest */;
			productType = "com.apple.product-type.bundle.unit-test";
		};
		4C6DE418217F9700008660B6 /* Dark ModeUITests */ = {
			isa = PBXNativeTarget;
			buildConfigurationList = 4C6DE428217F9700008660B6 /* Build configuration list for PBXNativeTarget "Dark ModeUITests" */;
			buildPhases = (
				4C6DE415217F9700008660B6 /* Sources */,
				4C6DE416217F9700008660B6 /* Frameworks */,
				4C6DE417217F9700008660B6 /* Resources */,
			);
			buildRules = (
			);
			dependencies = (
				4C6DE41B217F9700008660B6 /* PBXTargetDependency */,
			);
			name = "Dark ModeUITests";
			productName = "Dark ModeUITests";
			productReference = 4C6DE419217F9700008660B6 /* Dark ModeUITests.xctest */;
			productType = "com.apple.product-type.bundle.ui-testing";
		};
/* End PBXNativeTarget section */

/* Begin PBXProject section */
		4C6DE3F2217F96FC008660B6 /* Project object */ = {
			isa = PBXProject;
			attributes = {
				LastSwiftUpdateCheck = 1000;
				LastUpgradeCheck = 1000;
				ORGANIZATIONNAME = "Antonio Adrian Chavez";
				TargetAttributes = {
					4C6DE3F9217F96FC008660B6 = {
						CreatedOnToolsVersion = 10.0;
					};
					4C6DE40D217F9700008660B6 = {
						CreatedOnToolsVersion = 10.0;
						TestTargetID = 4C6DE3F9217F96FC008660B6;
					};
					4C6DE418217F9700008660B6 = {
						CreatedOnToolsVersion = 10.0;
						TestTargetID = 4C6DE3F9217F96FC008660B6;
					};
				};
			};
			buildConfigurationList = 4C6DE3F5217F96FC008660B6 /* Build configuration list for PBXProject "Dark Mode" */;
			compatibilityVersion = "Xcode 9.3";
			developmentRegion = en;
			hasScannedForEncodings = 0;
			knownRegions = (
				en,
				Base,
			);
			mainGroup = 4C6DE3F1217F96FC008660B6;
			productRefGroup = 4C6DE3FB217F96FC008660B6 /* Products */;
			projectDirPath = "";
			projectRoot = "";
			targets = (
				4C6DE3F9217F96FC008660B6 /* Dark Mode */,
				4C6DE40D217F9700008660B6 /* Dark ModeTests */,
				4C6DE418217F9700008660B6 /* Dark ModeUITests */,
			);
		};
/* End PBXProject section */

/* Begin PBXResourcesBuildPhase section */
		4C6DE3F8217F96FC008660B6 /* Resources */ = {
			isa = PBXResourcesBuildPhase;
			buildActionMask = 2147483647;
			files = (
				4C6DE408217F96FF008660B6 /* LaunchScreen.storyboard in Resources */,
				4C6DE405217F96FF008660B6 /* Assets.xcassets in Resources */,
				4C6DE403217F96FC008660B6 /* Main.storyboard in Resources */,
			);
			runOnlyForDeploymentPostprocessing = 0;
		};
		4C6DE40C217F9700008660B6 /* Resources */ = {
			isa = PBXResourcesBuildPhase;
			buildActionMask = 2147483647;
			files = (
			);
			runOnlyForDeploymentPostprocessing = 0;
		};
		4C6DE417217F9700008660B6 /* Resources */ = {
			isa = PBXResourcesBuildPhase;
			buildActionMask = 2147483647;
			files = (
			);
			runOnlyForDeploymentPostprocessing = 0;
		};
/* End PBXResourcesBuildPhase section */

/* Begin PBXSourcesBuildPhase section */
		4C6DE3F6217F96FC008660B6 /* Sources */ = {
			isa = PBXSourcesBuildPhase;
			buildActionMask = 2147483647;
			files = (
				4C6DE400217F96FC008660B6 /* ViewController.swift in Sources */,
				4C6DE3FE217F96FC008660B6 /* AppDelegate.swift in Sources */,
			);
			runOnlyForDeploymentPostprocessing = 0;
		};
		4C6DE40A217F9700008660B6 /* Sources */ = {
			isa = PBXSourcesBuildPhase;
			buildActionMask = 2147483647;
			files = (
				4C6DE413217F9700008660B6 /* Dark_ModeTests.swift in Sources */,
			);
			runOnlyForDeploymentPostprocessing = 0;
		};
		4C6DE415217F9700008660B6 /* Sources */ = {
			isa = PBXSourcesBuildPhase;
			buildActionMask = 2147483647;
			files = (
				4C6DE41E217F9700008660B6 /* Dark_ModeUITests.swift in Sources */,
			);
			runOnlyForDeploymentPostprocessing = 0;
		};
/* End PBXSourcesBuildPhase section */

/* Begin PBXTargetDependency section */
		4C6DE410217F9700008660B6 /* PBXTargetDependency */ = {
			isa = PBXTargetDependency;
			target = 4C6DE3F9217F96FC008660B6 /* Dark Mode */;
			targetProxy = 4C6DE40F217F9700008660B6 /* PBXContainerItemProxy */;
		};
		4C6DE41B217F9700008660B6 /* PBXTargetDependency */ = {
			isa = PBXTargetDependency;
			target = 4C6DE3F9217F96FC008660B6 /* Dark Mode */;
			targetProxy = 4C6DE41A217F9700008660B6 /* PBXContainerItemProxy */;
		};
/* End PBXTargetDependency section */

/* Begin PBXVariantGroup section */
		4C6DE401217F96FC008660B6 /* Main.storyboard */ = {
			isa = PBXVariantGroup;
			children = (
				4C6DE402217F96FC008660B6 /* Base */,
			);
			name = Main.storyboard;
			sourceTree = "<group>";
		};
		4C6DE406217F96FF008660B6 /* LaunchScreen.storyboard */ = {
			isa = PBXVariantGroup;
			children = (
				4C6DE407217F96FF008660B6 /* Base */,
			);
			name = LaunchScreen.storyboard;
			sourceTree = "<group>";
		};
/* End PBXVariantGroup section */

/* Begin XCBuildConfiguration section */
		4C6DE420217F9700008660B6 /* Debug */ = {
			isa = XCBuildConfiguration;
			buildSettings = {
				ALWAYS_SEARCH_USER_PATHS = NO;
				CLANG_ANALYZER_NONNULL = YES;
				CLANG_ANALYZER_NUMBER_OBJECT_CONVERSION = YES_AGGRESSIVE;
				CLANG_CXX_LANGUAGE_STANDARD = "gnu++14";
				CLANG_CXX_LIBRARY = "libc++";
				CLANG_ENABLE_MODULES = YES;
				CLANG_ENABLE_OBJC_ARC = YES;
				CLANG_ENABLE_OBJC_WEAK = YES;
				CLANG_WARN_BLOCK_CAPTURE_AUTORELEASING = YES;
				CLANG_WARN_BOOL_CONVERSION = YES;
				CLANG_WARN_COMMA = YES;
				CLANG_WARN_CONSTANT_CONVERSION = YES;
				CLANG_WARN_DEPRECATED_OBJC_IMPLEMENTATIONS = YES;
				CLANG_WARN_DIRECT_OBJC_ISA_USAGE = YES_ERROR;
				CLANG_WARN_DOCUMENTATION_COMMENTS = YES;
				CLANG_WARN_EMPTY_BODY = YES;
				CLANG_WARN_ENUM_CONVERSION = YES;
				CLANG_WARN_INFINITE_RECURSION = YES;
				CLANG_WARN_INT_CONVERSION = YES;
				CLANG_WARN_NON_LITERAL_NULL_CONVERSION = YES;
				CLANG_WARN_OBJC_IMPLICIT_RETAIN_SELF = YES;
				CLANG_WARN_OBJC_LITERAL_CONVERSION = YES;
				CLANG_WARN_OBJC_ROOT_CLASS = YES_ERROR;
				CLANG_WARN_RANGE_LOOP_ANALYSIS = YES;
				CLANG_WARN_STRICT_PROTOTYPES = YES;
				CLANG_WARN_SUSPICIOUS_MOVE = YES;
				CLANG_WARN_UNGUARDED_AVAILABILITY = YES_AGGRESSIVE;
				CLANG_WARN_UNREACHABLE_CODE = YES;
				CLANG_WARN__DUPLICATE_METHOD_MATCH = YES;
				CODE_SIGN_IDENTITY = "iPhone Developer";
				COPY_PHASE_STRIP = NO;
				DEBUG_INFORMATION_FORMAT = dwarf;
				ENABLE_STRICT_OBJC_MSGSEND = YES;
				ENABLE_TESTABILITY = YES;
				GCC_C_LANGUAGE_STANDARD = gnu11;
				GCC_DYNAMIC_NO_PIC = NO;
				GCC_NO_COMMON_BLOCKS = YES;
				GCC_OPTIMIZATION_LEVEL = 0;
				GCC_PREPROCESSOR_DEFINITIONS = (
					"DEBUG=1",
					"$(inherited)",
				);
				GCC_WARN_64_TO_32_BIT_CONVERSION = YES;
				GCC_WARN_ABOUT_RETURN_TYPE = YES_ERROR;
				GCC_WARN_UNDECLARED_SELECTOR = YES;
				GCC_WARN_UNINITIALIZED_AUTOS = YES_AGGRESSIVE;
				GCC_WARN_UNUSED_FUNCTION = YES;
				GCC_WARN_UNUSED_VARIABLE = YES;
				IPHONEOS_DEPLOYMENT_TARGET = 12.0;
				MTL_ENABLE_DEBUG_INFO = INCLUDE_SOURCE;
				MTL_FAST_MATH = YES;
				ONLY_ACTIVE_ARCH = YES;
				SDKROOT = iphoneos;
				SWIFT_ACTIVE_COMPILATION_CONDITIONS = DEBUG;
				SWIFT_OPTIMIZATION_LEVEL = "-Onone";
			};
			name = Debug;
		};
		4C6DE421217F9700008660B6 /* Release */ = {
			isa = XCBuildConfiguration;
			buildSettings = {
				ALWAYS_SEARCH_USER_PATHS = NO;
				CLANG_ANALYZER_NONNULL = YES;
				CLANG_ANALYZER_NUMBER_OBJECT_CONVERSION = YES_AGGRESSIVE;
				CLANG_CXX_LANGUAGE_STANDARD = "gnu++14";
				CLANG_CXX_LIBRARY = "libc++";
				CLANG_ENABLE_MODULES = YES;
				CLANG_ENABLE_OBJC_ARC = YES;
				CLANG_ENABLE_OBJC_WEAK = YES;
				CLANG_WARN_BLOCK_CAPTURE_AUTORELEASING = YES;
				CLANG_WARN_BOOL_CONVERSION = YES;
				CLANG_WARN_COMMA = YES;
				CLANG_WARN_CONSTANT_CONVERSION = YES;
				CLANG_WARN_DEPRECATED_OBJC_IMPLEMENTATIONS = YES;
				CLANG_WARN_DIRECT_OBJC_ISA_USAGE = YES_ERROR;
				CLANG_WARN_DOCUMENTATION_COMMENTS = YES;
				CLANG_WARN_EMPTY_BODY = YES;
				CLANG_WARN_ENUM_CONVERSION = YES;
				CLANG_WARN_INFINITE_RECURSION = YES;
				CLANG_WARN_INT_CONVERSION = YES;
				CLANG_WARN_NON_LITERAL_NULL_CONVERSION = YES;
				CLANG_WARN_OBJC_IMPLICIT_RETAIN_SELF = YES;
				CLANG_WARN_OBJC_LITERAL_CONVERSION = YES;
				CLANG_WARN_OBJC_ROOT_CLASS = YES_ERROR;
				CLANG_WARN_RANGE_LOOP_ANALYSIS = YES;
				CLANG_WARN_STRICT_PROTOTYPES = YES;
				CLANG_WARN_SUSPICIOUS_MOVE = YES;
				CLANG_WARN_UNGUARDED_AVAILABILITY = YES_AGGRESSIVE;
				CLANG_WARN_UNREACHABLE_CODE = YES;
				CLANG_WARN__DUPLICATE_METHOD_MATCH = YES;
				CODE_SIGN_IDENTITY = "iPhone Developer";
				COPY_PHASE_STRIP = NO;
				DEBUG_INFORMATION_FORMAT = "dwarf-with-dsym";
				ENABLE_NS_ASSERTIONS = NO;
				ENABLE_STRICT_OBJC_MSGSEND = YES;
				GCC_C_LANGUAGE_STANDARD = gnu11;
				GCC_NO_COMMON_BLOCKS = YES;
				GCC_WARN_64_TO_32_BIT_CONVERSION = YES;
				GCC_WARN_ABOUT_RETURN_TYPE = YES_ERROR;
				GCC_WARN_UNDECLARED_SELECTOR = YES;
				GCC_WARN_UNINITIALIZED_AUTOS = YES_AGGRESSIVE;
				GCC_WARN_UNUSED_FUNCTION = YES;
				GCC_WARN_UNUSED_VARIABLE = YES;
				IPHONEOS_DEPLOYMENT_TARGET = 12.0;
				MTL_ENABLE_DEBUG_INFO = NO;
				MTL_FAST_MATH = YES;
				SDKROOT = iphoneos;
				SWIFT_COMPILATION_MODE = wholemodule;
				SWIFT_OPTIMIZATION_LEVEL = "-O";
				VALIDATE_PRODUCT = YES;
			};
			name = Release;
		};
		4C6DE423217F9700008660B6 /* Debug */ = {
			isa = XCBuildConfiguration;
			buildSettings = {
				ASSETCATALOG_COMPILER_APPICON_NAME = AppIcon;
				CODE_SIGN_STYLE = Automatic;
				DEVELOPMENT_TEAM = 48Q54FV88K;
				INFOPLIST_FILE = "Dark Mode/Info.plist";
				LD_RUNPATH_SEARCH_PATHS = (
					"$(inherited)",
					"@executable_path/Frameworks",
				);
				PRODUCT_BUNDLE_IDENTIFIER = "makebyantonio.Dark-Mode";
				PRODUCT_NAME = "$(TARGET_NAME)";
				SWIFT_VERSION = 4.2;
				TARGETED_DEVICE_FAMILY = "1,2";
			};
			name = Debug;
		};
		4C6DE424217F9700008660B6 /* Release */ = {
			isa = XCBuildConfiguration;
			buildSettings = {
				ASSETCATALOG_COMPILER_APPICON_NAME = AppIcon;
				CODE_SIGN_STYLE = Automatic;
				DEVELOPMENT_TEAM = 48Q54FV88K;
				INFOPLIST_FILE = "Dark Mode/Info.plist";
				LD_RUNPATH_SEARCH_PATHS = (
					"$(inherited)",
					"@executable_path/Frameworks",
				);
				PRODUCT_BUNDLE_IDENTIFIER = "makebyantonio.Dark-Mode";
				PRODUCT_NAME = "$(TARGET_NAME)";
				SWIFT_VERSION = 4.2;
				TARGETED_DEVICE_FAMILY = "1,2";
			};
			name = Release;
		};
		4C6DE426217F9700008660B6 /* Debug */ = {
			isa = XCBuildConfiguration;
			buildSettings = {
				ALWAYS_EMBED_SWIFT_STANDARD_LIBRARIES = YES;
				BUNDLE_LOADER = "$(TEST_HOST)";
				CODE_SIGN_STYLE = Automatic;
				DEVELOPMENT_TEAM = 48Q54FV88K;
				INFOPLIST_FILE = "Dark ModeTests/Info.plist";
				LD_RUNPATH_SEARCH_PATHS = (
					"$(inherited)",
					"@executable_path/Frameworks",
					"@loader_path/Frameworks",
				);
				PRODUCT_BUNDLE_IDENTIFIER = "makebyantonio.Dark-ModeTests";
				PRODUCT_NAME = "$(TARGET_NAME)";
				SWIFT_VERSION = 4.2;
				TARGETED_DEVICE_FAMILY = "1,2";
				TEST_HOST = "$(BUILT_PRODUCTS_DIR)/Dark Mode.app/Dark Mode";
			};
			name = Debug;
		};
		4C6DE427217F9700008660B6 /* Release */ = {
			isa = XCBuildConfiguration;
			buildSettings = {
				ALWAYS_EMBED_SWIFT_STANDARD_LIBRARIES = YES;
				BUNDLE_LOADER = "$(TEST_HOST)";
				CODE_SIGN_STYLE = Automatic;
				DEVELOPMENT_TEAM = 48Q54FV88K;
				INFOPLIST_FILE = "Dark ModeTests/Info.plist";
				LD_RUNPATH_SEARCH_PATHS = (
					"$(inherited)",
					"@executable_path/Frameworks",
					"@loader_path/Frameworks",
				);
				PRODUCT_BUNDLE_IDENTIFIER = "makebyantonio.Dark-ModeTests";
				PRODUCT_NAME = "$(TARGET_NAME)";
				SWIFT_VERSION = 4.2;
				TARGETED_DEVICE_FAMILY = "1,2";
				TEST_HOST = "$(BUILT_PRODUCTS_DIR)/Dark Mode.app/Dark Mode";
			};
			name = Release;
		};
		4C6DE429217F9700008660B6 /* Debug */ = {
			isa = XCBuildConfiguration;
			buildSettings = {
				ALWAYS_EMBED_SWIFT_STANDARD_LIBRARIES = YES;
				CODE_SIGN_STYLE = Automatic;
				DEVELOPMENT_TEAM = 48Q54FV88K;
				INFOPLIST_FILE = "Dark ModeUITests/Info.plist";
				LD_RUNPATH_SEARCH_PATHS = (
					"$(inherited)",
					"@executable_path/Frameworks",
					"@loader_path/Frameworks",
				);
				PRODUCT_BUNDLE_IDENTIFIER = "makebyantonio.Dark-ModeUITests";
				PRODUCT_NAME = "$(TARGET_NAME)";
				SWIFT_VERSION = 4.2;
				TARGETED_DEVICE_FAMILY = "1,2";
				TEST_TARGET_NAME = "Dark Mode";
			};
			name = Debug;
		};
		4C6DE42A217F9700008660B6 /* Release */ = {
			isa = XCBuildConfiguration;
			buildSettings = {
				ALWAYS_EMBED_SWIFT_STANDARD_LIBRARIES = YES;
				CODE_SIGN_STYLE = Automatic;
				DEVELOPMENT_TEAM = 48Q54FV88K;
				INFOPLIST_FILE = "Dark ModeUITests/Info.plist";
				LD_RUNPATH_SEARCH_PATHS = (
					"$(inherited)",
					"@executable_path/Frameworks",
					"@loader_path/Frameworks",
				);
				PRODUCT_BUNDLE_IDENTIFIER = "makebyantonio.Dark-ModeUITests";
				PRODUCT_NAME = "$(TARGET_NAME)";
				SWIFT_VERSION = 4.2;
				TARGETED_DEVICE_FAMILY = "1,2";
				TEST_TARGET_NAME = "Dark Mode";
			};
			name = Release;
		};
/* End XCBuildConfiguration section */

/* Begin XCConfigurationList section */
		4C6DE3F5217F96FC008660B6 /* Build configuration list for PBXProject "Dark Mode" */ = {
			isa = XCConfigurationList;
			buildConfigurations = (
				4C6DE420217F9700008660B6 /* Debug */,
				4C6DE421217F9700008660B6 /* Release */,
			);
			defaultConfigurationIsVisible = 0;
			defaultConfigurationName = Release;
		};
		4C6DE422217F9700008660B6 /* Build configuration list for PBXNativeTarget "Dark Mode" */ = {
			isa = XCConfigurationList;
			buildConfigurations = (
				4C6DE423217F9700008660B6 /* Debug */,
				4C6DE424217F9700008660B6 /* Release */,
			);
			defaultConfigurationIsVisible = 0;
			defaultConfigurationName = Release;
		};
		4C6DE425217F9700008660B6 /* Build configuration list for PBXNativeTarget "Dark ModeTests" */ = {
			isa = XCConfigurationList;
			buildConfigurations = (
				4C6DE426217F9700008660B6 /* Debug */,
				4C6DE427217F9700008660B6 /* Release */,
			);
			defaultConfigurationIsVisible = 0;
			defaultConfigurationName = Release;
		};
		4C6DE428217F9700008660B6 /* Build configuration list for PBXNativeTarget "Dark ModeUITests" */ = {
			isa = XCConfigurationList;
			buildConfigurations = (
				4C6DE429217F9700008660B6 /* Debug */,
				4C6DE42A217F9700008660B6 /* Release */,
			);
			defaultConfigurationIsVisible = 0;
			defaultConfigurationName = Release;
		};
/* End XCConfigurationList section */
	};
	rootObject = 4C6DE3F2217F96FC008660B6 /* Project object */;
}
